{
  "nodes": {
    "itok": {
      "inputs": {
        "hk": [
          "nix-hk"
        ],
        "microlith": "microlith",
        "nixpkgs": [
          "itok",
          "nixpkgs-lock",
          "nixpkgs"
        ],
        "nixpkgs-lock": [
          "nixpkgs-lock"
        ]
      },
      "locked": {
        "lastModified": 1790928300,
        "narHash": "sha256-tr8jN43HIs95uyhX/T2ib28IMnnK7IzO1jZxW0GyN08=",
        "owner": "pr0d1r2",
        "repo": "itok",
        "rev": "77f7015843841d4b68671d3c0c0cf82a4ee3b2bb",
        "type": "github"
      },
      "original": {
        "owner": "pr0d1r2",
        "repo": "itok",
        "type": "github"
      }
    },
    "microlith": {
      "inputs": {
        "nix-hk": [
          "itok",
          "hk"
        ],
        "nixpkgs": [
          "itok",
          "microlith",
          "nixpkgs-lock",
          "nixpkgs"
        ],
        "nixpkgs-lock": [
          "itok",
          "nixpkgs-lock"
        ]
      },
      "locked": {
        "lastModified": 1786709569,
        "narHash": "sha256-KLxL48Qug7X0R9F/bG0MpJTsn/kmQz17CXQN4saLsks=",
        "owner": "pr0d1r2",
        "repo": "microlith",
        "rev": "aa0380ac3b51b8d46bd536de28ea83452f01be90",
        "type": "github"
      },
      "original": {
        "owner": "pr0d1r2",
        "ref": "v0.6.1",
        "repo": "microlith",
        "type": "github"
      }
    },
    "microlith_2": {
      "inputs": {
        "nix-hk": [
          "nix-hk"
        ],
        "nixpkgs": [
          "microlith",
          "nixpkgs-lock",
          "nixpkgs"
        ],
        "nixpkgs-lock": [
          "nixpkgs-lock"
        ]
      },
      "locked": {
        "lastModified": 1791180637,
        "narHash": "sha256-Bu3GFrcdy1SnHeUVV6ct1QMzlsG0CAOZ7HqxNoOjQdk=",
        "owner": "pr0d1r2",
        "repo": "microlith",
        "rev": "3aa6ba1e6b6e7ac2d65adce240c356b19e9a1846",
        "type": "github"
      },
      "original": {
        "owner": "pr0d1r2",
        "repo": "microlith",
        "type": "github"
      }
    },
    "nix-hk": {
      "inputs": {
        "nixpkgs": [
          "nix-hk",
          "nixpkgs-lock",
          "nixpkgs"
        ],
        "nixpkgs-lock": [
          "nixpkgs-lock"
        ]
      },
      "locked": {
        "lastModified": 1789817970,
        "narHash": "sha256-q/pSSRnGdouzdH8dtQUV2ZhMeNB/B9dNXlwS7U8HEts=",
        "owner": "pr0d1r2",
        "repo": "nix-hk",
        "rev": "a063d34d951e733086a63b6704dad12ac9934d3f",
        "type": "github"
      },
      "original": {
        "owner": "pr0d1r2",
        "repo": "nix-hk",
        "type": "github"
      }
    },
    "nixpkgs": {
      "locked": {
        "lastModified": 1791143449,
        "narHash": "sha256-9+n3ReS2y9xS199LoJjKUWHwZrISGHWgkD/LUZTDZyA=",
        "owner": "NixOS",
        "repo": "nixpkgs",
        "rev": "0d9e9b832d03ac387417e16ce1febf73b2e631e1",
        "type": "github"
      },
      "original": {
        "owner": "NixOS",
        "ref": "nixos-26.05",
        "repo": "nixpkgs",
        "type": "github"
      }
    },
    "nixpkgs-lock": {
      "inputs": {
        "nixpkgs": "nixpkgs"
      },
      "locked": {
        "lastModified": 1791220003,
        "narHash": "sha256-g9LayD4acbboNzq0GQb2eFJanoC1qlsxPRy6+y3RKEA=",
        "owner": "pr0d1r2",
        "repo": "nixpkgs-lock",
        "rev": "3ee6305a537cb0ca472e4769c9ced658120b1bfa",
        "type": "github"
      },
      "original": {
        "owner": "pr0d1r2",
        "repo": "nixpkgs-lock",
        "type": "github"
      }
    },
    "root": {
      "inputs": {
        "itok": "itok",
        "microlith": "microlith_2",
        "nix-hk": "nix-hk",
        "nixpkgs": [
          "nixpkgs-lock",
          "nixpkgs"
        ],
        "nixpkgs-lock": "nixpkgs-lock"
      }
    }
  },
  "root": "root",
  "version": 7
}
